Microsoft Visual Studio Solution File, Format Version 12.00
# Visual Studio Version 17
VisualStudioVersion = 17.1.32210.238
MinimumVisualStudioVersion = 10.0.40219.1
Project("{8BC9CEB8-8B4A-11D0-8D11-00A0C91BC942}") = "emule", "emule.vcxproj", "{584EA69D-3443-4197-8994-364880FC1B9B}"
	ProjectSection(ProjectDependencies) = postProject
		{B8C41401-6A2B-488D-B198-B0564C2B7404} = {B8C41401-6A2B-488D-B198-B0564C2B7404}
		{46CF2D25-6A36-4189-B59C-E4815388E554} = {46CF2D25-6A36-4189-B59C-E4815388E554}
		{D28CE435-CB33-4BAE-8A52-C6EF915956F5} = {D28CE435-CB33-4BAE-8A52-C6EF915956F5}
		{C39F4B46-6E89-4074-902E-CA57073044D2} = {C39F4B46-6E89-4074-902E-CA57073044D2}
		{745DEC58-EBB3-47A9-A9B8-4C6627C01BF8} = {745DEC58-EBB3-47A9-A9B8-4C6627C01BF8}
		{4AACBF8D-B90F-41AD-A5BE-D5E557C668E3} = {4AACBF8D-B90F-41AD-A5BE-D5E557C668E3}
		{E27AB0B5-84CC-47E8-8F43-34C4F3FDA71E} = {E27AB0B5-84CC-47E8-8F43-34C4F3FDA71E}
		{86CEC5CB-94DE-4E3C-A1C6-0653D58C0625} = {86CEC5CB-94DE-4E3C-A1C6-0653D58C0625}
	EndProjectSection
EndProject
Project("{8BC9CEB8-8B4A-11D0-8D11-00A0C91BC942}") = "cryptlib", "..\cryptopp\cryptlib.vcxproj", "{C39F4B46-6E89-4074-902E-CA57073044D2}"
EndProject
Project("{8BC9CEB8-8B4A-11D0-8D11-00A0C91BC942}") = "cximage", "..\CxImage\CxImage\cximage.vcxproj", "{B8C41401-6A2B-488D-B198-B0564C2B7404}"
EndProject
Project("{8BC9CEB8-8B4A-11D0-8D11-00A0C91BC942}") = "id3lib", "..\id3lib\libprj\id3lib.vcxproj", "{4AACBF8D-B90F-41AD-A5BE-D5E557C668E3}"
EndProject
Project("{8BC9CEB8-8B4A-11D0-8D11-00A0C91BC942}") = "libpng", "..\libpng\projects\vstudio\libpng\libpng.vcxproj", "{E27AB0B5-84CC-47E8-8F43-34C4F3FDA71E}"
	ProjectSection(ProjectDependencies) = postProject
		{745DEC58-EBB3-47A9-A9B8-4C6627C01BF8} = {745DEC58-EBB3-47A9-A9B8-4C6627C01BF8}
		{EB33566E-DA7F-4D28-9077-88C0B7C77E35} = {EB33566E-DA7F-4D28-9077-88C0B7C77E35}
	EndProjectSection
EndProject
Project("{8BC9CEB8-8B4A-11D0-8D11-00A0C91BC942}") = "mbedTLS", "..\mbedtls\visualc\VS2010\mbedTLS.vcxproj", "{46CF2D25-6A36-4189-B59C-E4815388E554}"
EndProject
Project("{8BC9CEB8-8B4A-11D0-8D11-00A0C91BC942}") = "miniupnpc", "..\miniupnp\miniupnpc\msvc\miniupnpc.vcxproj", "{D28CE435-CB33-4BAE-8A52-C6EF915956F5}"
EndProject
Project("{8BC9CEB8-8B4A-11D0-8D11-00A0C91BC942}") = "ResizableLib", "..\resizablelib\ResizableLib\ResizableLib.vcxproj", "{86CEC5CB-94DE-4E3C-A1C6-0653D58C0625}"
EndProject
Project("{8BC9CEB8-8B4A-11D0-8D11-00A0C91BC942}") = "pnglibconf", "..\libpng\projects\vstudio\pnglibconf\pnglibconf.vcxproj", "{EB33566E-DA7F-4D28-9077-88C0B7C77E35}"
EndProject
Project("{8BC9CEB8-8B4A-11D0-8D11-00A0C91BC942}") = "zlib", "..\libpng\projects\vstudio\zlib\zlib.vcxproj", "{745DEC58-EBB3-47A9-A9B8-4C6627C01BF8}"
EndProject
Global
	GlobalSection(SolutionConfigurationPlatforms) = preSolution
		_SpecialBootstrapNodes|Itanium = _SpecialBootstrapNodes|Itanium
		_SpecialBootstrapNodes|Win32 = _SpecialBootstrapNodes|Win32
		_SpecialBootstrapNodes|x64 = _SpecialBootstrapNodes|x64
		Debug Library|Itanium = Debug Library|Itanium
		Debug Library|Win32 = Debug Library|Win32
		Debug Library|x64 = Debug Library|x64
		Debug|Itanium = Debug|Itanium
		Debug|Win32 = Debug|Win32
		Debug|x64 = Debug|x64
		Release Library|Itanium = Release Library|Itanium
		Release Library|Win32 = Release Library|Win32
		Release Library|x64 = Release Library|x64
		Release|Itanium = Release|Itanium
		Release|Win32 = Release|Win32
		Release|x64 = Release|x64
		ReleaseWithoutAsm|Itanium = ReleaseWithoutAsm|Itanium
		ReleaseWithoutAsm|Win32 = ReleaseWithoutAsm|Win32
		ReleaseWithoutAsm|x64 = ReleaseWithoutAsm|x64
	EndGlobalSection
	GlobalSection(ProjectConfigurationPlatforms) = postSolution
		{584EA69D-3443-4197-8994-364880FC1B9B}._SpecialBootstrapNodes|Itanium.ActiveCfg = _SpecialBootstrapNodes|x64
		{584EA69D-3443-4197-8994-364880FC1B9B}._SpecialBootstrapNodes|Itanium.Build.0 = _SpecialBootstrapNodes|x64
		{584EA69D-3443-4197-8994-364880FC1B9B}._SpecialBootstrapNodes|Win32.ActiveCfg = _SpecialBootstrapNodes|Win32
		{584EA69D-3443-4197-8994-364880FC1B9B}._SpecialBootstrapNodes|Win32.Build.0 = _SpecialBootstrapNodes|Win32
		{584EA69D-3443-4197-8994-364880FC1B9B}._SpecialBootstrapNodes|x64.ActiveCfg = _SpecialBootstrapNodes|x64
		{584EA69D-3443-4197-8994-364880FC1B9B}._SpecialBootstrapNodes|x64.Build.0 = _SpecialBootstrapNodes|x64
		{584EA69D-3443-4197-8994-364880FC1B9B}.Debug Library|Itanium.ActiveCfg = Release|x64
		{584EA69D-3443-4197-8994-364880FC1B9B}.Debug Library|Itanium.Build.0 = Release|x64
		{584EA69D-3443-4197-8994-364880FC1B9B}.Debug Library|Win32.ActiveCfg = Debug|Win32
		{584EA69D-3443-4197-8994-364880FC1B9B}.Debug Library|Win32.Build.0 = Debug|Win32
		{584EA69D-3443-4197-8994-364880FC1B9B}.Debug Library|x64.ActiveCfg = Debug|x64
		{584EA69D-3443-4197-8994-364880FC1B9B}.Debug Library|x64.Build.0 = Debug|x64
		{584EA69D-3443-4197-8994-364880FC1B9B}.Debug|Itanium.ActiveCfg = Debug|x64
		{584EA69D-3443-4197-8994-364880FC1B9B}.Debug|Itanium.Build.0 = Debug|x64
		{584EA69D-3443-4197-8994-364880FC1B9B}.Debug|Win32.ActiveCfg = Debug|Win32
		{584EA69D-3443-4197-8994-364880FC1B9B}.Debug|Win32.Build.0 = Debug|Win32
		{584EA69D-3443-4197-8994-364880FC1B9B}.Debug|x64.ActiveCfg = Debug|x64
		{584EA69D-3443-4197-8994-364880FC1B9B}.Debug|x64.Build.0 = Debug|x64
		{584EA69D-3443-4197-8994-364880FC1B9B}.Release Library|Itanium.ActiveCfg = Release|x64
		{584EA69D-3443-4197-8994-364880FC1B9B}.Release Library|Itanium.Build.0 = Release|x64
		{584EA69D-3443-4197-8994-364880FC1B9B}.Release Library|Win32.ActiveCfg = Release|Win32
		{584EA69D-3443-4197-8994-364880FC1B9B}.Release Library|Win32.Build.0 = Release|Win32
		{584EA69D-3443-4197-8994-364880FC1B9B}.Release Library|x64.ActiveCfg = Release|x64
		{584EA69D-3443-4197-8994-364880FC1B9B}.Release Library|x64.Build.0 = Release|x64
		{584EA69D-3443-4197-8994-364880FC1B9B}.Release|Itanium.ActiveCfg = Release|x64
		{584EA69D-3443-4197-8994-364880FC1B9B}.Release|Itanium.Build.0 = Release|x64
		{584EA69D-3443-4197-8994-364880FC1B9B}.Release|Win32.ActiveCfg = Release|Win32
		{584EA69D-3443-4197-8994-364880FC1B9B}.Release|Win32.Build.0 = Release|Win32
		{584EA69D-3443-4197-8994-364880FC1B9B}.Release|x64.ActiveCfg = Release|x64
		{584EA69D-3443-4197-8994-364880FC1B9B}.Release|x64.Build.0 = Release|x64
		{584EA69D-3443-4197-8994-364880FC1B9B}.ReleaseWithoutAsm|Itanium.ActiveCfg = Release|x64
		{584EA69D-3443-4197-8994-364880FC1B9B}.ReleaseWithoutAsm|Itanium.Build.0 = Release|x64
		{584EA69D-3443-4197-8994-364880FC1B9B}.ReleaseWithoutAsm|Win32.ActiveCfg = Release|Win32
		{584EA69D-3443-4197-8994-364880FC1B9B}.ReleaseWithoutAsm|Win32.Build.0 = Release|Win32
		{584EA69D-3443-4197-8994-364880FC1B9B}.ReleaseWithoutAsm|x64.ActiveCfg = Release|x64
		{584EA69D-3443-4197-8994-364880FC1B9B}.ReleaseWithoutAsm|x64.Build.0 = Release|x64
		{C39F4B46-6E89-4074-902E-CA57073044D2}._SpecialBootstrapNodes|Itanium.ActiveCfg = DLL-Import Debug|Win32
		{C39F4B46-6E89-4074-902E-CA57073044D2}._SpecialBootstrapNodes|Itanium.Build.0 = DLL-Import Debug|Win32
		{C39F4B46-6E89-4074-902E-CA57073044D2}._SpecialBootstrapNodes|Win32.ActiveCfg = Debug|Win32
		{C39F4B46-6E89-4074-902E-CA57073044D2}._SpecialBootstrapNodes|Win32.Build.0 = Debug|Win32
		{C39F4B46-6E89-4074-902E-CA57073044D2}._SpecialBootstrapNodes|x64.ActiveCfg = Debug|x64
		{C39F4B46-6E89-4074-902E-CA57073044D2}._SpecialBootstrapNodes|x64.Build.0 = Debug|x64
		{C39F4B46-6E89-4074-902E-CA57073044D2}.Debug Library|Itanium.ActiveCfg = DLL-Import Debug|Win32
		{C39F4B46-6E89-4074-902E-CA57073044D2}.Debug Library|Itanium.Build.0 = DLL-Import Debug|Win32
		{C39F4B46-6E89-4074-902E-CA57073044D2}.Debug Library|Win32.ActiveCfg = Debug|Win32
		{C39F4B46-6E89-4074-902E-CA57073044D2}.Debug Library|Win32.Build.0 = Debug|Win32
		{C39F4B46-6E89-4074-902E-CA57073044D2}.Debug Library|x64.ActiveCfg = Debug|x64
		{C39F4B46-6E89-4074-902E-CA57073044D2}.Debug Library|x64.Build.0 = Debug|x64
		{C39F4B46-6E89-4074-902E-CA57073044D2}.Debug|Itanium.ActiveCfg = Debug|x64
		{C39F4B46-6E89-4074-902E-CA57073044D2}.Debug|Itanium.Build.0 = Debug|x64
		{C39F4B46-6E89-4074-902E-CA57073044D2}.Debug|Win32.ActiveCfg = Debug|Win32
		{C39F4B46-6E89-4074-902E-CA57073044D2}.Debug|Win32.Build.0 = Debug|Win32
		{C39F4B46-6E89-4074-902E-CA57073044D2}.Debug|x64.ActiveCfg = Debug|x64
		{C39F4B46-6E89-4074-902E-CA57073044D2}.Debug|x64.Build.0 = Debug|x64
		{C39F4B46-6E89-4074-902E-CA57073044D2}.Release Library|Itanium.ActiveCfg = DLL-Import Debug|Win32
		{C39F4B46-6E89-4074-902E-CA57073044D2}.Release Library|Itanium.Build.0 = DLL-Import Debug|Win32
		{C39F4B46-6E89-4074-902E-CA57073044D2}.Release Library|Win32.ActiveCfg = Release|Win32
		{C39F4B46-6E89-4074-902E-CA57073044D2}.Release Library|Win32.Build.0 = Release|Win32
		{C39F4B46-6E89-4074-902E-CA57073044D2}.Release Library|x64.ActiveCfg = Release|x64
		{C39F4B46-6E89-4074-902E-CA57073044D2}.Release Library|x64.Build.0 = Release|x64
		{C39F4B46-6E89-4074-902E-CA57073044D2}.Release|Itanium.ActiveCfg = Release|x64
		{C39F4B46-6E89-4074-902E-CA57073044D2}.Release|Itanium.Build.0 = Release|x64
		{C39F4B46-6E89-4074-902E-CA57073044D2}.Release|Win32.ActiveCfg = Release|Win32
		{C39F4B46-6E89-4074-902E-CA57073044D2}.Release|Win32.Build.0 = Release|Win32
		{C39F4B46-6E89-4074-902E-CA57073044D2}.Release|x64.ActiveCfg = Release|x64
		{C39F4B46-6E89-4074-902E-CA57073044D2}.Release|x64.Build.0 = Release|x64
		{C39F4B46-6E89-4074-902E-CA57073044D2}.ReleaseWithoutAsm|Itanium.ActiveCfg = DLL-Import Debug|Win32
		{C39F4B46-6E89-4074-902E-CA57073044D2}.ReleaseWithoutAsm|Itanium.Build.0 = DLL-Import Debug|Win32
		{C39F4B46-6E89-4074-902E-CA57073044D2}.ReleaseWithoutAsm|Win32.ActiveCfg = Release|Win32
		{C39F4B46-6E89-4074-902E-CA57073044D2}.ReleaseWithoutAsm|Win32.Build.0 = Release|Win32
		{C39F4B46-6E89-4074-902E-CA57073044D2}.ReleaseWithoutAsm|x64.ActiveCfg = Release|x64
		{C39F4B46-6E89-4074-902E-CA57073044D2}.ReleaseWithoutAsm|x64.Build.0 = Release|x64
		{B8C41401-6A2B-488D-B198-B0564C2B7404}._SpecialBootstrapNodes|Itanium.ActiveCfg = Release|x64
		{B8C41401-6A2B-488D-B198-B0564C2B7404}._SpecialBootstrapNodes|Itanium.Build.0 = Release|x64
		{B8C41401-6A2B-488D-B198-B0564C2B7404}._SpecialBootstrapNodes|Win32.ActiveCfg = Debug|Win32
		{B8C41401-6A2B-488D-B198-B0564C2B7404}._SpecialBootstrapNodes|Win32.Build.0 = Debug|Win32
		{B8C41401-6A2B-488D-B198-B0564C2B7404}._SpecialBootstrapNodes|x64.ActiveCfg = Debug|x64
		{B8C41401-6A2B-488D-B198-B0564C2B7404}._SpecialBootstrapNodes|x64.Build.0 = Debug|x64
		{B8C41401-6A2B-488D-B198-B0564C2B7404}.Debug Library|Itanium.ActiveCfg = Release|x64
		{B8C41401-6A2B-488D-B198-B0564C2B7404}.Debug Library|Itanium.Build.0 = Release|x64
		{B8C41401-6A2B-488D-B198-B0564C2B7404}.Debug Library|Win32.ActiveCfg = Debug|Win32
		{B8C41401-6A2B-488D-B198-B0564C2B7404}.Debug Library|Win32.Build.0 = Debug|Win32
		{B8C41401-6A2B-488D-B198-B0564C2B7404}.Debug Library|x64.ActiveCfg = Debug|x64
		{B8C41401-6A2B-488D-B198-B0564C2B7404}.Debug Library|x64.Build.0 = Debug|x64
		{B8C41401-6A2B-488D-B198-B0564C2B7404}.Debug|Itanium.ActiveCfg = Debug|x64
		{B8C41401-6A2B-488D-B198-B0564C2B7404}.Debug|Itanium.Build.0 = Debug|x64
		{B8C41401-6A2B-488D-B198-B0564C2B7404}.Debug|Win32.ActiveCfg = Debug|Win32
		{B8C41401-6A2B-488D-B198-B0564C2B7404}.Debug|Win32.Build.0 = Debug|Win32
		{B8C41401-6A2B-488D-B198-B0564C2B7404}.Debug|x64.ActiveCfg = Debug|x64
		{B8C41401-6A2B-488D-B198-B0564C2B7404}.Debug|x64.Build.0 = Debug|x64
		{B8C41401-6A2B-488D-B198-B0564C2B7404}.Release Library|Itanium.ActiveCfg = Release|x64
		{B8C41401-6A2B-488D-B198-B0564C2B7404}.Release Library|Itanium.Build.0 = Release|x64
		{B8C41401-6A2B-488D-B198-B0564C2B7404}.Release Library|Win32.ActiveCfg = Release|Win32
		{B8C41401-6A2B-488D-B198-B0564C2B7404}.Release Library|Win32.Build.0 = Release|Win32
		{B8C41401-6A2B-488D-B198-B0564C2B7404}.Release Library|x64.ActiveCfg = Release|x64
		{B8C41401-6A2B-488D-B198-B0564C2B7404}.Release Library|x64.Build.0 = Release|x64
		{B8C41401-6A2B-488D-B198-B0564C2B7404}.Release|Itanium.ActiveCfg = Release|x64
		{B8C41401-6A2B-488D-B198-B0564C2B7404}.Release|Itanium.Build.0 = Release|x64
		{B8C41401-6A2B-488D-B198-B0564C2B7404}.Release|Win32.ActiveCfg = Release|Win32
		{B8C41401-6A2B-488D-B198-B0564C2B7404}.Release|Win32.Build.0 = Release|Win32
		{B8C41401-6A2B-488D-B198-B0564C2B7404}.Release|x64.ActiveCfg = Release|x64
		{B8C41401-6A2B-488D-B198-B0564C2B7404}.Release|x64.Build.0 = Release|x64
		{B8C41401-6A2B-488D-B198-B0564C2B7404}.ReleaseWithoutAsm|Itanium.ActiveCfg = Release|x64
		{B8C41401-6A2B-488D-B198-B0564C2B7404}.ReleaseWithoutAsm|Itanium.Build.0 = Release|x64
		{B8C41401-6A2B-488D-B198-B0564C2B7404}.ReleaseWithoutAsm|Win32.ActiveCfg = Release|Win32
		{B8C41401-6A2B-488D-B198-B0564C2B7404}.ReleaseWithoutAsm|Win32.Build.0 = Release|Win32
		{B8C41401-6A2B-488D-B198-B0564C2B7404}.ReleaseWithoutAsm|x64.ActiveCfg = Release|x64
		{B8C41401-6A2B-488D-B198-B0564C2B7404}.ReleaseWithoutAsm|x64.Build.0 = Release|x64
		{4AACBF8D-B90F-41AD-A5BE-D5E557C668E3}._SpecialBootstrapNodes|Itanium.ActiveCfg = Release|x64
		{4AACBF8D-B90F-41AD-A5BE-D5E557C668E3}._SpecialBootstrapNodes|Itanium.Build.0 = Release|x64
		{4AACBF8D-B90F-41AD-A5BE-D5E557C668E3}._SpecialBootstrapNodes|Win32.ActiveCfg = Debug|Win32
		{4AACBF8D-B90F-41AD-A5BE-D5E557C668E3}._SpecialBootstrapNodes|Win32.Build.0 = Debug|Win32
		{4AACBF8D-B90F-41AD-A5BE-D5E557C668E3}._SpecialBootstrapNodes|x64.ActiveCfg = Debug|x64
		{4AACBF8D-B90F-41AD-A5BE-D5E557C668E3}._SpecialBootstrapNodes|x64.Build.0 = Debug|x64
		{4AACBF8D-B90F-41AD-A5BE-D5E557C668E3}.Debug Library|Itanium.ActiveCfg = Release|x64
		{4AACBF8D-B90F-41AD-A5BE-D5E557C668E3}.Debug Library|Itanium.Build.0 = Release|x64
		{4AACBF8D-B90F-41AD-A5BE-D5E557C668E3}.Debug Library|Win32.ActiveCfg = Debug|Win32
		{4AACBF8D-B90F-41AD-A5BE-D5E557C668E3}.Debug Library|Win32.Build.0 = Debug|Win32
		{4AACBF8D-B90F-41AD-A5BE-D5E557C668E3}.Debug Library|x64.ActiveCfg = Debug|x64
		{4AACBF8D-B90F-41AD-A5BE-D5E557C668E3}.Debug Library|x64.Build.0 = Debug|x64
		{4AACBF8D-B90F-41AD-A5BE-D5E557C668E3}.Debug|Itanium.ActiveCfg = Debug|x64
		{4AACBF8D-B90F-41AD-A5BE-D5E557C668E3}.Debug|Itanium.Build.0 = Debug|x64
		{4AACBF8D-B90F-41AD-A5BE-D5E557C668E3}.Debug|Win32.ActiveCfg = Debug|Win32
		{4AACBF8D-B90F-41AD-A5BE-D5E557C668E3}.Debug|Win32.Build.0 = Debug|Win32
		{4AACBF8D-B90F-41AD-A5BE-D5E557C668E3}.Debug|x64.ActiveCfg = Debug|x64
		{4AACBF8D-B90F-41AD-A5BE-D5E557C668E3}.Debug|x64.Build.0 = Debug|x64
		{4AACBF8D-B90F-41AD-A5BE-D5E557C668E3}.Release Library|Itanium.ActiveCfg = Release|x64
		{4AACBF8D-B90F-41AD-A5BE-D5E557C668E3}.Release Library|Itanium.Build.0 = Release|x64
		{4AACBF8D-B90F-41AD-A5BE-D5E557C668E3}.Release Library|Win32.ActiveCfg = Release|Win32
		{4AACBF8D-B90F-41AD-A5BE-D5E557C668E3}.Release Library|Win32.Build.0 = Release|Win32
		{4AACBF8D-B90F-41AD-A5BE-D5E557C668E3}.Release Library|x64.ActiveCfg = Release|x64
		{4AACBF8D-B90F-41AD-A5BE-D5E557C668E3}.Release Library|x64.Build.0 = Release|x64
		{4AACBF8D-B90F-41AD-A5BE-D5E557C668E3}.Release|Itanium.ActiveCfg = Release|x64
		{4AACBF8D-B90F-41AD-A5BE-D5E557C668E3}.Release|Itanium.Build.0 = Release|x64
		{4AACBF8D-B90F-41AD-A5BE-D5E557C668E3}.Release|Win32.ActiveCfg = Release|Win32
		{4AACBF8D-B90F-41AD-A5BE-D5E557C668E3}.Release|Win32.Build.0 = Release|Win32
		{4AACBF8D-B90F-41AD-A5BE-D5E557C668E3}.Release|x64.ActiveCfg = Release|x64
		{4AACBF8D-B90F-41AD-A5BE-D5E557C668E3}.Release|x64.Build.0 = Release|x64
		{4AACBF8D-B90F-41AD-A5BE-D5E557C668E3}.ReleaseWithoutAsm|Itanium.ActiveCfg = Release|x64
		{4AACBF8D-B90F-41AD-A5BE-D5E557C668E3}.ReleaseWithoutAsm|Itanium.Build.0 = Release|x64
		{4AACBF8D-B90F-41AD-A5BE-D5E557C668E3}.ReleaseWithoutAsm|Win32.ActiveCfg = Release|Win32
		{4AACBF8D-B90F-41AD-A5BE-D5E557C668E3}.ReleaseWithoutAsm|Win32.Build.0 = Release|Win32
		{4AACBF8D-B90F-41AD-A5BE-D5E557C668E3}.ReleaseWithoutAsm|x64.ActiveCfg = Release|x64
		{4AACBF8D-B90F-41AD-A5BE-D5E557C668E3}.ReleaseWithoutAsm|x64.Build.0 = Release|x64
		{E27AB0B5-84CC-47E8-8F43-34C4F3FDA71E}._SpecialBootstrapNodes|Itanium.ActiveCfg = Debug Library|Win32
		{E27AB0B5-84CC-47E8-8F43-34C4F3FDA71E}._SpecialBootstrapNodes|Itanium.Build.0 = Debug Library|Win32
		{E27AB0B5-84CC-47E8-8F43-34C4F3FDA71E}._SpecialBootstrapNodes|Win32.ActiveCfg = Debug|Win32
		{E27AB0B5-84CC-47E8-8F43-34C4F3FDA71E}._SpecialBootstrapNodes|Win32.Build.0 = Debug|Win32
		{E27AB0B5-84CC-47E8-8F43-34C4F3FDA71E}._SpecialBootstrapNodes|x64.ActiveCfg = Debug|x64
		{E27AB0B5-84CC-47E8-8F43-34C4F3FDA71E}._SpecialBootstrapNodes|x64.Build.0 = Debug|x64
		{E27AB0B5-84CC-47E8-8F43-34C4F3FDA71E}.Debug Library|Itanium.ActiveCfg = Debug Library|Win32
		{E27AB0B5-84CC-47E8-8F43-34C4F3FDA71E}.Debug Library|Itanium.Build.0 = Debug Library|Win32
		{E27AB0B5-84CC-47E8-8F43-34C4F3FDA71E}.Debug Library|Win32.ActiveCfg = Debug Library|Win32
		{E27AB0B5-84CC-47E8-8F43-34C4F3FDA71E}.Debug Library|Win32.Build.0 = Debug Library|Win32
		{E27AB0B5-84CC-47E8-8F43-34C4F3FDA71E}.Debug Library|x64.ActiveCfg = Debug Library|Win32
		{E27AB0B5-84CC-47E8-8F43-34C4F3FDA71E}.Debug Library|x64.Build.0 = Debug Library|Win32
		{E27AB0B5-84CC-47E8-8F43-34C4F3FDA71E}.Debug|Itanium.ActiveCfg = Debug|x64
		{E27AB0B5-84CC-47E8-8F43-34C4F3FDA71E}.Debug|Itanium.Build.0 = Debug|x64
		{E27AB0B5-84CC-47E8-8F43-34C4F3FDA71E}.Debug|Win32.ActiveCfg = Debug Library|Win32
		{E27AB0B5-84CC-47E8-8F43-34C4F3FDA71E}.Debug|Win32.Build.0 = Debug Library|Win32
		{E27AB0B5-84CC-47E8-8F43-34C4F3FDA71E}.Debug|x64.ActiveCfg = Debug|x64
		{E27AB0B5-84CC-47E8-8F43-34C4F3FDA71E}.Debug|x64.Build.0 = Debug|x64
		{E27AB0B5-84CC-47E8-8F43-34C4F3FDA71E}.Release Library|Itanium.ActiveCfg = Release Library|Win32
		{E27AB0B5-84CC-47E8-8F43-34C4F3FDA71E}.Release Library|Itanium.Build.0 = Release Library|Win32
		{E27AB0B5-84CC-47E8-8F43-34C4F3FDA71E}.Release Library|Win32.ActiveCfg = Release Library|Win32
		{E27AB0B5-84CC-47E8-8F43-34C4F3FDA71E}.Release Library|Win32.Build.0 = Release Library|Win32
		{E27AB0B5-84CC-47E8-8F43-34C4F3FDA71E}.Release Library|x64.ActiveCfg = Release Library|Win32
		{E27AB0B5-84CC-47E8-8F43-34C4F3FDA71E}.Release Library|x64.Build.0 = Release Library|Win32
		{E27AB0B5-84CC-47E8-8F43-34C4F3FDA71E}.Release|Itanium.ActiveCfg = Release|Win32
		{E27AB0B5-84CC-47E8-8F43-34C4F3FDA71E}.Release|Itanium.Build.0 = Release|Win32
		{E27AB0B5-84CC-47E8-8F43-34C4F3FDA71E}.Release|Win32.ActiveCfg = Release Library|Win32
		{E27AB0B5-84CC-47E8-8F43-34C4F3FDA71E}.Release|Win32.Build.0 = Release Library|Win32
		{E27AB0B5-84CC-47E8-8F43-34C4F3FDA71E}.Release|x64.ActiveCfg = Release Library|Win32
		{E27AB0B5-84CC-47E8-8F43-34C4F3FDA71E}.Release|x64.Build.0 = Release Library|Win32
		{E27AB0B5-84CC-47E8-8F43-34C4F3FDA71E}.ReleaseWithoutAsm|Itanium.ActiveCfg = Debug Library|Win32
		{E27AB0B5-84CC-47E8-8F43-34C4F3FDA71E}.ReleaseWithoutAsm|Itanium.Build.0 = Debug Library|Win32
		{E27AB0B5-84CC-47E8-8F43-34C4F3FDA71E}.ReleaseWithoutAsm|Win32.ActiveCfg = Release Library|Win32
		{E27AB0B5-84CC-47E8-8F43-34C4F3FDA71E}.ReleaseWithoutAsm|Win32.Build.0 = Release Library|Win32
		{E27AB0B5-84CC-47E8-8F43-34C4F3FDA71E}.ReleaseWithoutAsm|x64.ActiveCfg = Debug|x64
		{E27AB0B5-84CC-47E8-8F43-34C4F3FDA71E}.ReleaseWithoutAsm|x64.Build.0 = Debug|x64
		{46CF2D25-6A36-4189-B59C-E4815388E554}._SpecialBootstrapNodes|Itanium.ActiveCfg = Release|x64
		{46CF2D25-6A36-4189-B59C-E4815388E554}._SpecialBootstrapNodes|Itanium.Build.0 = Release|x64
		{46CF2D25-6A36-4189-B59C-E4815388E554}._SpecialBootstrapNodes|Win32.ActiveCfg = Debug|Win32
		{46CF2D25-6A36-4189-B59C-E4815388E554}._SpecialBootstrapNodes|Win32.Build.0 = Debug|Win32
		{46CF2D25-6A36-4189-B59C-E4815388E554}._SpecialBootstrapNodes|x64.ActiveCfg = Debug|x64
		{46CF2D25-6A36-4189-B59C-E4815388E554}._SpecialBootstrapNodes|x64.Build.0 = Debug|x64
		{46CF2D25-6A36-4189-B59C-E4815388E554}.Debug Library|Itanium.ActiveCfg = Release|x64
		{46CF2D25-6A36-4189-B59C-E4815388E554}.Debug Library|Itanium.Build.0 = Release|x64
		{46CF2D25-6A36-4189-B59C-E4815388E554}.Debug Library|Win32.ActiveCfg = Debug|Win32
		{46CF2D25-6A36-4189-B59C-E4815388E554}.Debug Library|Win32.Build.0 = Debug|Win32
		{46CF2D25-6A36-4189-B59C-E4815388E554}.Debug Library|x64.ActiveCfg = Debug|x64
		{46CF2D25-6A36-4189-B59C-E4815388E554}.Debug Library|x64.Build.0 = Debug|x64
		{46CF2D25-6A36-4189-B59C-E4815388E554}.Debug|Itanium.ActiveCfg = Debug|x64
		{46CF2D25-6A36-4189-B59C-E4815388E554}.Debug|Itanium.Build.0 = Debug|x64
		{46CF2D25-6A36-4189-B59C-E4815388E554}.Debug|Win32.ActiveCfg = Debug|Win32
		{46CF2D25-6A36-4189-B59C-E4815388E554}.Debug|Win32.Build.0 = Debug|Win32
		{46CF2D25-6A36-4189-B59C-E4815388E554}.Debug|x64.ActiveCfg = Debug|x64
		{46CF2D25-6A36-4189-B59C-E4815388E554}.Debug|x64.Build.0 = Debug|x64
		{46CF2D25-6A36-4189-B59C-E4815388E554}.Release Library|Itanium.ActiveCfg = Release|x64
		{46CF2D25-6A36-4189-B59C-E4815388E554}.Release Library|Itanium.Build.0 = Release|x64
		{46CF2D25-6A36-4189-B59C-E4815388E554}.Release Library|Win32.ActiveCfg = Release|Win32
		{46CF2D25-6A36-4189-B59C-E4815388E554}.Release Library|Win32.Build.0 = Release|Win32
		{46CF2D25-6A36-4189-B59C-E4815388E554}.Release Library|x64.ActiveCfg = Release|x64
		{46CF2D25-6A36-4189-B59C-E4815388E554}.Release Library|x64.Build.0 = Release|x64
		{46CF2D25-6A36-4189-B59C-E4815388E554}.Release|Itanium.ActiveCfg = Release|x64
		{46CF2D25-6A36-4189-B59C-E4815388E554}.Release|Itanium.Build.0 = Release|x64
		{46CF2D25-6A36-4189-B59C-E4815388E554}.Release|Win32.ActiveCfg = Release|Win32
		{46CF2D25-6A36-4189-B59C-E4815388E554}.Release|Win32.Build.0 = Release|Win32
		{46CF2D25-6A36-4189-B59C-E4815388E554}.Release|x64.ActiveCfg = Release|x64
		{46CF2D25-6A36-4189-B59C-E4815388E554}.Release|x64.Build.0 = Release|x64
		{46CF2D25-6A36-4189-B59C-E4815388E554}.ReleaseWithoutAsm|Itanium.ActiveCfg = Release|x64
		{46CF2D25-6A36-4189-B59C-E4815388E554}.ReleaseWithoutAsm|Itanium.Build.0 = Release|x64
		{46CF2D25-6A36-4189-B59C-E4815388E554}.ReleaseWithoutAsm|Win32.ActiveCfg = Release|Win32
		{46CF2D25-6A36-4189-B59C-E4815388E554}.ReleaseWithoutAsm|Win32.Build.0 = Release|Win32
		{46CF2D25-6A36-4189-B59C-E4815388E554}.ReleaseWithoutAsm|x64.ActiveCfg = Release|x64
		{46CF2D25-6A36-4189-B59C-E4815388E554}.ReleaseWithoutAsm|x64.Build.0 = Release|x64
		{D28CE435-CB33-4BAE-8A52-C6EF915956F5}._SpecialBootstrapNodes|Itanium.ActiveCfg = Debug Dll|Win32
		{D28CE435-CB33-4BAE-8A52-C6EF915956F5}._SpecialBootstrapNodes|Itanium.Build.0 = Debug Dll|Win32
		{D28CE435-CB33-4BAE-8A52-C6EF915956F5}._SpecialBootstrapNodes|Win32.ActiveCfg = Debug|Win32
		{D28CE435-CB33-4BAE-8A52-C6EF915956F5}._SpecialBootstrapNodes|Win32.Build.0 = Debug|Win32
		{D28CE435-CB33-4BAE-8A52-C6EF915956F5}._SpecialBootstrapNodes|x64.ActiveCfg = Debug|x64
		{D28CE435-CB33-4BAE-8A52-C6EF915956F5}._SpecialBootstrapNodes|x64.Build.0 = Debug|x64
		{D28CE435-CB33-4BAE-8A52-C6EF915956F5}.Debug Library|Itanium.ActiveCfg = Debug Dll|Win32
		{D28CE435-CB33-4BAE-8A52-C6EF915956F5}.Debug Library|Itanium.Build.0 = Debug Dll|Win32
		{D28CE435-CB33-4BAE-8A52-C6EF915956F5}.Debug Library|Win32.ActiveCfg = Debug Dll|Win32
		{D28CE435-CB33-4BAE-8A52-C6EF915956F5}.Debug Library|Win32.Build.0 = Debug Dll|Win32
		{D28CE435-CB33-4BAE-8A52-C6EF915956F5}.Debug Library|x64.ActiveCfg = Debug|x64
		{D28CE435-CB33-4BAE-8A52-C6EF915956F5}.Debug Library|x64.Build.0 = Debug|x64
		{D28CE435-CB33-4BAE-8A52-C6EF915956F5}.Debug|Itanium.ActiveCfg = Debug|x64
		{D28CE435-CB33-4BAE-8A52-C6EF915956F5}.Debug|Itanium.Build.0 = Debug|x64
		{D28CE435-CB33-4BAE-8A52-C6EF915956F5}.Debug|Win32.ActiveCfg = Debug|Win32
		{D28CE435-CB33-4BAE-8A52-C6EF915956F5}.Debug|Win32.Build.0 = Debug|Win32
		{D28CE435-CB33-4BAE-8A52-C6EF915956F5}.Debug|x64.ActiveCfg = Debug|x64
		{D28CE435-CB33-4BAE-8A52-C6EF915956F5}.Debug|x64.Build.0 = Debug|x64
		{D28CE435-CB33-4BAE-8A52-C6EF915956F5}.Release Library|Itanium.ActiveCfg = Debug Dll|Win32
		{D28CE435-CB33-4BAE-8A52-C6EF915956F5}.Release Library|Itanium.Build.0 = Debug Dll|Win32
		{D28CE435-CB33-4BAE-8A52-C6EF915956F5}.Release Library|Win32.ActiveCfg = Release Dll|Win32
		{D28CE435-CB33-4BAE-8A52-C6EF915956F5}.Release Library|Win32.Build.0 = Release Dll|Win32
		{D28CE435-CB33-4BAE-8A52-C6EF915956F5}.Release Library|x64.ActiveCfg = Debug|x64
		{D28CE435-CB33-4BAE-8A52-C6EF915956F5}.Release Library|x64.Build.0 = Debug|x64
		{D28CE435-CB33-4BAE-8A52-C6EF915956F5}.Release|Itanium.ActiveCfg = Release|Win32
		{D28CE435-CB33-4BAE-8A52-C6EF915956F5}.Release|Itanium.Build.0 = Release|Win32
		{D28CE435-CB33-4BAE-8A52-C6EF915956F5}.Release|Win32.ActiveCfg = Release|Win32
		{D28CE435-CB33-4BAE-8A52-C6EF915956F5}.Release|Win32.Build.0 = Release|Win32
		{D28CE435-CB33-4BAE-8A52-C6EF915956F5}.Release|x64.ActiveCfg = Release|Win32
		{D28CE435-CB33-4BAE-8A52-C6EF915956F5}.Release|x64.Build.0 = Release|Win32
		{D28CE435-CB33-4BAE-8A52-C6EF915956F5}.ReleaseWithoutAsm|Itanium.ActiveCfg = Debug Dll|Win32
		{D28CE435-CB33-4BAE-8A52-C6EF915956F5}.ReleaseWithoutAsm|Itanium.Build.0 = Debug Dll|Win32
		{D28CE435-CB33-4BAE-8A52-C6EF915956F5}.ReleaseWithoutAsm|Win32.ActiveCfg = Release Dll|Win32
		{D28CE435-CB33-4BAE-8A52-C6EF915956F5}.ReleaseWithoutAsm|Win32.Build.0 = Release Dll|Win32
		{D28CE435-CB33-4BAE-8A52-C6EF915956F5}.ReleaseWithoutAsm|x64.ActiveCfg = Debug|x64
		{D28CE435-CB33-4BAE-8A52-C6EF915956F5}.ReleaseWithoutAsm|x64.Build.0 = Debug|x64
		{86CEC5CB-94DE-4E3C-A1C6-0653D58C0625}._SpecialBootstrapNodes|Itanium.ActiveCfg = Debug Static Unicode|Win32
		{86CEC5CB-94DE-4E3C-A1C6-0653D58C0625}._SpecialBootstrapNodes|Itanium.Build.0 = Debug Static Unicode|Win32
		{86CEC5CB-94DE-4E3C-A1C6-0653D58C0625}._SpecialBootstrapNodes|Win32.ActiveCfg = Debug|Win32
		{86CEC5CB-94DE-4E3C-A1C6-0653D58C0625}._SpecialBootstrapNodes|Win32.Build.0 = Debug|Win32
		{86CEC5CB-94DE-4E3C-A1C6-0653D58C0625}._SpecialBootstrapNodes|x64.ActiveCfg = Debug|x64
		{86CEC5CB-94DE-4E3C-A1C6-0653D58C0625}._SpecialBootstrapNodes|x64.Build.0 = Debug|x64
		{86CEC5CB-94DE-4E3C-A1C6-0653D58C0625}.Debug Library|Itanium.ActiveCfg = Debug Static Unicode|Win32
		{86CEC5CB-94DE-4E3C-A1C6-0653D58C0625}.Debug Library|Itanium.Build.0 = Debug Static Unicode|Win32
		{86CEC5CB-94DE-4E3C-A1C6-0653D58C0625}.Debug Library|Win32.ActiveCfg = Debug Static Unicode|Win32
		{86CEC5CB-94DE-4E3C-A1C6-0653D58C0625}.Debug Library|Win32.Build.0 = Debug Static Unicode|Win32
		{86CEC5CB-94DE-4E3C-A1C6-0653D58C0625}.Debug Library|x64.ActiveCfg = Debug Static Unicode|x64
		{86CEC5CB-94DE-4E3C-A1C6-0653D58C0625}.Debug Library|x64.Build.0 = Debug Static Unicode|x64
		{86CEC5CB-94DE-4E3C-A1C6-0653D58C0625}.Debug|Itanium.ActiveCfg = Debug|x64
		{86CEC5CB-94DE-4E3C-A1C6-0653D58C0625}.Debug|Itanium.Build.0 = Debug|x64
		{86CEC5CB-94DE-4E3C-A1C6-0653D58C0625}.Debug|Win32.ActiveCfg = Debug Static Unicode|Win32
		{86CEC5CB-94DE-4E3C-A1C6-0653D58C0625}.Debug|Win32.Build.0 = Debug Static Unicode|Win32
		{86CEC5CB-94DE-4E3C-A1C6-0653D58C0625}.Debug|x64.ActiveCfg = Debug|x64
		{86CEC5CB-94DE-4E3C-A1C6-0653D58C0625}.Debug|x64.Build.0 = Debug|x64
		{86CEC5CB-94DE-4E3C-A1C6-0653D58C0625}.Release Library|Itanium.ActiveCfg = Debug Static Unicode|Win32
		{86CEC5CB-94DE-4E3C-A1C6-0653D58C0625}.Release Library|Itanium.Build.0 = Debug Static Unicode|Win32
		{86CEC5CB-94DE-4E3C-A1C6-0653D58C0625}.Release Library|Win32.ActiveCfg = Release Static Unicode|Win32
		{86CEC5CB-94DE-4E3C-A1C6-0653D58C0625}.Release Library|Win32.Build.0 = Release Static Unicode|Win32
		{86CEC5CB-94DE-4E3C-A1C6-0653D58C0625}.Release Library|x64.ActiveCfg = Release Static|x64
		{86CEC5CB-94DE-4E3C-A1C6-0653D58C0625}.Release Library|x64.Build.0 = Release Static|x64
		{86CEC5CB-94DE-4E3C-A1C6-0653D58C0625}.Release|Itanium.ActiveCfg = Release|x64
		{86CEC5CB-94DE-4E3C-A1C6-0653D58C0625}.Release|Itanium.Build.0 = Release|x64
		{86CEC5CB-94DE-4E3C-A1C6-0653D58C0625}.Release|Win32.ActiveCfg = Release Static Unicode|Win32
		{86CEC5CB-94DE-4E3C-A1C6-0653D58C0625}.Release|Win32.Build.0 = Release Static Unicode|Win32
		{86CEC5CB-94DE-4E3C-A1C6-0653D58C0625}.Release|x64.ActiveCfg = Release Static Unicode|x64
		{86CEC5CB-94DE-4E3C-A1C6-0653D58C0625}.Release|x64.Build.0 = Release Static Unicode|x64
		{86CEC5CB-94DE-4E3C-A1C6-0653D58C0625}.ReleaseWithoutAsm|Itanium.ActiveCfg = Debug Static Unicode|Win32
		{86CEC5CB-94DE-4E3C-A1C6-0653D58C0625}.ReleaseWithoutAsm|Itanium.Build.0 = Debug Static Unicode|Win32
		{86CEC5CB-94DE-4E3C-A1C6-0653D58C0625}.ReleaseWithoutAsm|Win32.ActiveCfg = Release Static Unicode|Win32
		{86CEC5CB-94DE-4E3C-A1C6-0653D58C0625}.ReleaseWithoutAsm|Win32.Build.0 = Release Static Unicode|Win32
		{86CEC5CB-94DE-4E3C-A1C6-0653D58C0625}.ReleaseWithoutAsm|x64.ActiveCfg = Release Static|x64
		{86CEC5CB-94DE-4E3C-A1C6-0653D58C0625}.ReleaseWithoutAsm|x64.Build.0 = Release Static|x64
		{EB33566E-DA7F-4D28-9077-88C0B7C77E35}._SpecialBootstrapNodes|Itanium.ActiveCfg = Release|Win32
		{EB33566E-DA7F-4D28-9077-88C0B7C77E35}._SpecialBootstrapNodes|Itanium.Build.0 = Release|Win32
		{EB33566E-DA7F-4D28-9077-88C0B7C77E35}._SpecialBootstrapNodes|Win32.ActiveCfg = Release|Win32
		{EB33566E-DA7F-4D28-9077-88C0B7C77E35}._SpecialBootstrapNodes|Win32.Build.0 = Release|Win32
		{EB33566E-DA7F-4D28-9077-88C0B7C77E35}._SpecialBootstrapNodes|x64.ActiveCfg = Release|Win32
		{EB33566E-DA7F-4D28-9077-88C0B7C77E35}._SpecialBootstrapNodes|x64.Build.0 = Release|Win32
		{EB33566E-DA7F-4D28-9077-88C0B7C77E35}.Debug Library|Itanium.ActiveCfg = Release|Win32
		{EB33566E-DA7F-4D28-9077-88C0B7C77E35}.Debug Library|Itanium.Build.0 = Release|Win32
		{EB33566E-DA7F-4D28-9077-88C0B7C77E35}.Debug Library|Win32.ActiveCfg = Release|Win32
		{EB33566E-DA7F-4D28-9077-88C0B7C77E35}.Debug Library|Win32.Build.0 = Release|Win32
		{EB33566E-DA7F-4D28-9077-88C0B7C77E35}.Debug Library|x64.ActiveCfg = Release|Win32
		{EB33566E-DA7F-4D28-9077-88C0B7C77E35}.Debug Library|x64.Build.0 = Release|Win32
		{EB33566E-DA7F-4D28-9077-88C0B7C77E35}.Debug|Itanium.ActiveCfg = Release|Win32
		{EB33566E-DA7F-4D28-9077-88C0B7C77E35}.Debug|Itanium.Build.0 = Release|Win32
		{EB33566E-DA7F-4D28-9077-88C0B7C77E35}.Debug|Win32.ActiveCfg = Release|Win32
		{EB33566E-DA7F-4D28-9077-88C0B7C77E35}.Debug|Win32.Build.0 = Release|Win32
		{EB33566E-DA7F-4D28-9077-88C0B7C77E35}.Debug|x64.ActiveCfg = Release|Win32
		{EB33566E-DA7F-4D28-9077-88C0B7C77E35}.Debug|x64.Build.0 = Release|Win32
		{EB33566E-DA7F-4D28-9077-88C0B7C77E35}.Release Library|Itanium.ActiveCfg = Release|Win32
		{EB33566E-DA7F-4D28-9077-88C0B7C77E35}.Release Library|Itanium.Build.0 = Release|Win32
		{EB33566E-DA7F-4D28-9077-88C0B7C77E35}.Release Library|Win32.ActiveCfg = Release|Win32
		{EB33566E-DA7F-4D28-9077-88C0B7C77E35}.Release Library|Win32.Build.0 = Release|Win32
		{EB33566E-DA7F-4D28-9077-88C0B7C77E35}.Release Library|x64.ActiveCfg = Release|Win32
		{EB33566E-DA7F-4D28-9077-88C0B7C77E35}.Release Library|x64.Build.0 = Release|Win32
		{EB33566E-DA7F-4D28-9077-88C0B7C77E35}.Release|Itanium.ActiveCfg = Release|Win32
		{EB33566E-DA7F-4D28-9077-88C0B7C77E35}.Release|Itanium.Build.0 = Release|Win32
		{EB33566E-DA7F-4D28-9077-88C0B7C77E35}.Release|Win32.ActiveCfg = Release|Win32
		{EB33566E-DA7F-4D28-9077-88C0B7C77E35}.Release|Win32.Build.0 = Release|Win32
		{EB33566E-DA7F-4D28-9077-88C0B7C77E35}.Release|x64.ActiveCfg = Release|Win32
		{EB33566E-DA7F-4D28-9077-88C0B7C77E35}.Release|x64.Build.0 = Release|Win32
		{EB33566E-DA7F-4D28-9077-88C0B7C77E35}.ReleaseWithoutAsm|Itanium.ActiveCfg = Release|Win32
		{EB33566E-DA7F-4D28-9077-88C0B7C77E35}.ReleaseWithoutAsm|Itanium.Build.0 = Release|Win32
		{EB33566E-DA7F-4D28-9077-88C0B7C77E35}.ReleaseWithoutAsm|Win32.ActiveCfg = Release|Win32
		{EB33566E-DA7F-4D28-9077-88C0B7C77E35}.ReleaseWithoutAsm|Win32.Build.0 = Release|Win32
		{EB33566E-DA7F-4D28-9077-88C0B7C77E35}.ReleaseWithoutAsm|x64.ActiveCfg = Release|Win32
		{EB33566E-DA7F-4D28-9077-88C0B7C77E35}.ReleaseWithoutAsm|x64.Build.0 = Release|Win32
		{745DEC58-EBB3-47A9-A9B8-4C6627C01BF8}._SpecialBootstrapNodes|Itanium.ActiveCfg = Release|Win32
		{745DEC58-EBB3-47A9-A9B8-4C6627C01BF8}._SpecialBootstrapNodes|Itanium.Build.0 = Release|Win32
		{745DEC58-EBB3-47A9-A9B8-4C6627C01BF8}._SpecialBootstrapNodes|Win32.ActiveCfg = Release|Win32
		{745DEC58-EBB3-47A9-A9B8-4C6627C01BF8}._SpecialBootstrapNodes|Win32.Build.0 = Release|Win32
		{745DEC58-EBB3-47A9-A9B8-4C6627C01BF8}._SpecialBootstrapNodes|x64.ActiveCfg = Release|Win32
		{745DEC58-EBB3-47A9-A9B8-4C6627C01BF8}._SpecialBootstrapNodes|x64.Build.0 = Release|Win32
		{745DEC58-EBB3-47A9-A9B8-4C6627C01BF8}.Debug Library|Itanium.ActiveCfg = Debug Library|Win32
		{745DEC58-EBB3-47A9-A9B8-4C6627C01BF8}.Debug Library|Itanium.Build.0 = Debug Library|Win32
		{745DEC58-EBB3-47A9-A9B8-4C6627C01BF8}.Debug Library|Win32.ActiveCfg = Debug Library|Win32
		{745DEC58-EBB3-47A9-A9B8-4C6627C01BF8}.Debug Library|Win32.Build.0 = Debug Library|Win32
		{745DEC58-EBB3-47A9-A9B8-4C6627C01BF8}.Debug Library|x64.ActiveCfg = Debug Library|Win32
		{745DEC58-EBB3-47A9-A9B8-4C6627C01BF8}.Debug Library|x64.Build.0 = Debug Library|Win32
		{745DEC58-EBB3-47A9-A9B8-4C6627C01BF8}.Debug|Itanium.ActiveCfg = Debug|Win32
		{745DEC58-EBB3-47A9-A9B8-4C6627C01BF8}.Debug|Itanium.Build.0 = Debug|Win32
		{745DEC58-EBB3-47A9-A9B8-4C6627C01BF8}.Debug|Win32.ActiveCfg = Debug Library|Win32
		{745DEC58-EBB3-47A9-A9B8-4C6627C01BF8}.Debug|Win32.Build.0 = Debug Library|Win32
		{745DEC58-EBB3-47A9-A9B8-4C6627C01BF8}.Debug|x64.ActiveCfg = Debug|Win32
		{745DEC58-EBB3-47A9-A9B8-4C6627C01BF8}.Debug|x64.Build.0 = Debug|Win32
		{745DEC58-EBB3-47A9-A9B8-4C6627C01BF8}.Release Library|Itanium.ActiveCfg = Release Library|Win32
		{745DEC58-EBB3-47A9-A9B8-4C6627C01BF8}.Release Library|Itanium.Build.0 = Release Library|Win32
		{745DEC58-EBB3-47A9-A9B8-4C6627C01BF8}.Release Library|Win32.ActiveCfg = Release Library|Win32
		{745DEC58-EBB3-47A9-A9B8-4C6627C01BF8}.Release Library|Win32.Build.0 = Release Library|Win32
		{745DEC58-EBB3-47A9-A9B8-4C6627C01BF8}.Release Library|x64.ActiveCfg = Release Library|Win32
		{745DEC58-EBB3-47A9-A9B8-4C6627C01BF8}.Release Library|x64.Build.0 = Release Library|Win32
		{745DEC58-EBB3-47A9-A9B8-4C6627C01BF8}.Release|Itanium.ActiveCfg = Release|Win32
		{745DEC58-EBB3-47A9-A9B8-4C6627C01BF8}.Release|Itanium.Build.0 = Release|Win32
		{745DEC58-EBB3-47A9-A9B8-4C6627C01BF8}.Release|Win32.ActiveCfg = Release Library|Win32
		{745DEC58-EBB3-47A9-A9B8-4C6627C01BF8}.Release|Win32.Build.0 = Release Library|Win32
		{745DEC58-EBB3-47A9-A9B8-4C6627C01BF8}.Release|x64.ActiveCfg = Release|Win32
		{745DEC58-EBB3-47A9-A9B8-4C6627C01BF8}.Release|x64.Build.0 = Release|Win32
		{745DEC58-EBB3-47A9-A9B8-4C6627C01BF8}.ReleaseWithoutAsm|Itanium.ActiveCfg = Release|Win32
		{745DEC58-EBB3-47A9-A9B8-4C6627C01BF8}.ReleaseWithoutAsm|Itanium.Build.0 = Release|Win32
		{745DEC58-EBB3-47A9-A9B8-4C6627C01BF8}.ReleaseWithoutAsm|Win32.ActiveCfg = Release|Win32
		{745DEC58-EBB3-47A9-A9B8-4C6627C01BF8}.ReleaseWithoutAsm|Win32.Build.0 = Release|Win32
		{745DEC58-EBB3-47A9-A9B8-4C6627C01BF8}.ReleaseWithoutAsm|x64.ActiveCfg = Release|Win32
		{745DEC58-EBB3-47A9-A9B8-4C6627C01BF8}.ReleaseWithoutAsm|x64.Build.0 = Release|Win32
	EndGlobalSection
	GlobalSection(SolutionProperties) = preSolution
		HideSolutionNode = FALSE
	EndGlobalSection
	GlobalSection(ExtensibilityGlobals) = postSolution
		SolutionGuid = {2C1E5378-BC3F-4BC6-B7F9-2F0D51248217}
	EndGlobalSection
EndGlobal
